
Microsoft Visual Studio Solution File, Format Version 12.00
# Visual Studio Version 17
VisualStudioVersion = 17.9.34723.18
MinimumVisualStudioVersion = 10.0.40219.1
Project("{FAE04EC0-301F-11D3-BF4B-00C04F79EFBC}") = "CricketExt", "CricketExt.csproj", "{8E87000E-7340-48C3-BD8F-970AEDD413AD}"
EndProject
Global
	GlobalSection(SolutionConfigurationPlatforms) = preSolution
		Debug|Any CPU = Debug|Any CPU
		Release|Any CPU = Release|Any CPU
	EndGlobalSection
	GlobalSection(ProjectConfigurationPlatforms) = postSolution
		{8E87000E-7340-48C3-BD8F-970AEDD413AD}.Debug|Any CPU.ActiveCfg = Debug|Any CPU
		{8E87000E-7340-48C3-BD8F-970AEDD413AD}.Debug|Any CPU.Build.0 = Debug|Any CPU
		{8E87000E-7340-48C3-BD8F-970AEDD413AD}.Release|Any CPU.ActiveCfg = Release|Any CPU
		{8E87000E-7340-48C3-BD8F-970AEDD413AD}.Release|Any CPU.Build.0 = Release|Any CPU
	EndGlobalSection
	GlobalSection(SolutionProperties) = preSolution
		HideSolutionNode = FALSE
	EndGlobalSection
	GlobalSection(ExtensibilityGlobals) = postSolution
		SolutionGuid = {F4A0F242-4E62-4A77-ADAD-DBA36CBF7892}
	EndGlobalSection
EndGlobal
